PODS:
  - NVActivityIndicatorView (4.1.1):
    - NVActivityIndicatorView/Presenter (= 4.1.1)
  - NVActivityIndicatorView/Presenter (4.1.1)
  - SDWebImage (4.3.0):
    - SDWebImage/Core (= 4.3.0)
  - SDWebImage/Core (4.3.0)

DEPENDENCIES:
  - NVActivityIndicatorView
  - SDWebImage

SPEC CHECKSUMS:
  NVActivityIndicatorView: 60109b9bf46efc2e71ab81453196ccdfdfeea870
  SDWebImage: 6da6c8bca115addc4de8613362e1b15f66333825

PODFILE CHECKSUM: 684984f54c2a813f8103251d3cc9c217fcc05cd3

COCOAPODS: 1.3.1
