// !$*UTF8*$!
{
	archiveVersion = 1;
	classes = {
	};
	objectVersion = 48;
	objects = {

/* Begin PBXBuildFile section */
		4F703D7D201FD8E700AA876B /* AppDelegate.swift in Sources */ = {isa = PBXBuildFile; fileRef = 4F703D7C201FD8E700AA876B /* AppDelegate.swift */; };
		4F703D84201FD8E700AA876B /* Assets.xcassets in Resources */ = {isa = PBXBuildFile; fileRef = 4F703D83201FD8E700AA876B /* Assets.xcassets */; };
		4F703D92201FD8E700AA876B /* HoopTVTests.swift in Sources */ = {isa = PBXBuildFile; fileRef = 4F703D91201FD8E700AA876B /* HoopTVTests.swift */; };
		4F703D9D201FD8E700AA876B /* HoopTVUITests.swift in Sources */ = {isa = PBXBuildFile; fileRef = 4F703D9C201FD8E700AA876B /* HoopTVUITests.swift */; };
		4FC3D9E12048BE1600DB4CC7 /* SortedArray.swift in Sources */ = {isa = PBXBuildFile; fileRef = 4FC3D9E02048BE1600DB4CC7 /* SortedArray.swift */; };
		4FD7C44E20236A42001EDAF0 /* StartupValuesDataStore.swift in Sources */ = {isa = PBXBuildFile; fileRef = 4FD7C43720236A41001EDAF0 /* StartupValuesDataStore.swift */; };
		4FD7C44F20236A42001EDAF0 /* GamesDataStore.swift in Sources */ = {isa = PBXBuildFile; fileRef = 4FD7C43820236A41001EDAF0 /* GamesDataStore.swift */; };
		4FD7C45020236A42001EDAF0 /* SportConfigurationManager.swift in Sources */ = {isa = PBXBuildFile; fileRef = 4FD7C43920236A41001EDAF0 /* SportConfigurationManager.swift */; };
		4FD7C45120236A42001EDAF0 /* DataStore.swift in Sources */ = {isa = PBXBuildFile; fileRef = 4FD7C43A20236A41001EDAF0 /* DataStore.swift */; };
		4FD7C45220236A42001EDAF0 /* Game.swift in Sources */ = {isa = PBXBuildFile; fileRef = 4FD7C43C20236A41001EDAF0 /* Game.swift */; };
		4FD7C45320236A42001EDAF0 /* Sport.swift in Sources */ = {isa = PBXBuildFile; fileRef = 4FD7C43D20236A41001EDAF0 /* Sport.swift */; };
		4FD7C45420236A42001EDAF0 /* StartupValues.swift in Sources */ = {isa = PBXBuildFile; fileRef = 4FD7C43E20236A41001EDAF0 /* StartupValues.swift */; };
		4FD7C45520236A42001EDAF0 /* SportsViewController.xib in Resources */ = {isa = PBXBuildFile; fileRef = 4FD7C44120236A41001EDAF0 /* SportsViewController.xib */; };
		4FD7C45620236A42001EDAF0 /* SportsViewController.swift in Sources */ = {isa = PBXBuildFile; fileRef = 4FD7C44220236A41001EDAF0 /* SportsViewController.swift */; };
		4FD7C45720236A42001EDAF0 /* SportsTableViewCell.swift in Sources */ = {isa = PBXBuildFile; fileRef = 4FD7C44320236A41001EDAF0 /* SportsTableViewCell.swift */; };
		4FD7C45820236A42001EDAF0 /* SportsTableViewCell.xib in Resources */ = {isa = PBXBuildFile; fileRef = 4FD7C44420236A41001EDAF0 /* SportsTableViewCell.xib */; };
		4FD7C45920236A42001EDAF0 /* GamesViewController.swift in Sources */ = {isa = PBXBuildFile; fileRef = 4FD7C44620236A41001EDAF0 /* GamesViewController.swift */; };
		4FD7C45A20236A42001EDAF0 /* GamesViewController.xib in Resources */ = {isa = PBXBuildFile; fileRef = 4FD7C44720236A41001EDAF0 /* GamesViewController.xib */; };
		4FD7C45B20236A42001EDAF0 /* GameTableViewCell.swift in Sources */ = {isa = PBXBuildFile; fileRef = 4FD7C44820236A41001EDAF0 /* GameTableViewCell.swift */; };
		4FD7C45C20236A42001EDAF0 /* GamesHeaderView.swift in Sources */ = {isa = PBXBuildFile; fileRef = 4FD7C44920236A41001EDAF0 /* GamesHeaderView.swift */; };
		4FD7C45D20236A42001EDAF0 /* GameTableViewCell.xib in Resources */ = {isa = PBXBuildFile; fileRef = 4FD7C44A20236A41001EDAF0 /* GameTableViewCell.xib */; };
		4FD7C45E20236A42001EDAF0 /* GamesTableViewDataSource.swift in Sources */ = {isa = PBXBuildFile; fileRef = 4FD7C44B20236A41001EDAF0 /* GamesTableViewDataSource.swift */; };
		4FD7C45F20236A42001EDAF0 /* GamesHeaderView.xib in Resources */ = {isa = PBXBuildFile; fileRef = 4FD7C44C20236A41001EDAF0 /* GamesHeaderView.xib */; };
		4FD7C46020236A42001EDAF0 /* GameViewModel.swift in Sources */ = {isa = PBXBuildFile; fileRef = 4FD7C44D20236A41001EDAF0 /* GameViewModel.swift */; };
		8890555E3FBC9D6AE16C6849 /* Pods_HoopTV.framework in Frameworks */ = {isa = PBXBuildFile; fileRef = 476C2E9AADC3E769A0170AA1 /* Pods_HoopTV.framework */; };
/* End PBXBuildFile section */

/* Begin PBXContainerItemProxy section */
		4F703D8E201FD8E700AA876B /* PBXContainerItemProxy */ = {
			isa = PBXContainerItemProxy;
			containerPortal = 4F703D71201FD8E700AA876B /* Project object */;
			proxyType = 1;
			remoteGlobalIDString = 4F703D78201FD8E700AA876B;
			remoteInfo = HoopTV;
		};
		4F703D99201FD8E700AA876B /* PBXContainerItemProxy */ = {
			isa = PBXContainerItemProxy;
			containerPortal = 4F703D71201FD8E700AA876B /* Project object */;
			proxyType = 1;
			remoteGlobalIDString = 4F703D78201FD8E700AA876B;
			remoteInfo = HoopTV;
		};
/* End PBXContainerItemProxy section */

/* Begin PBXFileReference section */
		476C2E9AADC3E769A0170AA1 /* Pods_HoopTV.framework */ = {isa = PBXFileReference; explicitFileType = wrapper.framework; includeInIndex = 0; path = Pods_HoopTV.framework; sourceTree = BUILT_PRODUCTS_DIR; };
		4F703D79201FD8E700AA876B /* HoopTV.app */ = {isa = PBXFileReference; explicitFileType = wrapper.application; includeInIndex = 0; path = HoopTV.app; sourceTree = BUILT_PRODUCTS_DIR; };
		4F703D7C201FD8E700AA876B /* AppDelegate.swift */ = {isa = PBXFileReference; lastKnownFileType = sourcecode.swift; path = AppDelegate.swift; sourceTree = "<group>"; };
		4F703D83201FD8E700AA876B /* Assets.xcassets */ = {isa = PBXFileReference; lastKnownFileType = folder.assetcatalog; path = Assets.xcassets; sourceTree = "<group>"; };
		4F703D88201FD8E700AA876B /* Info.plist */ = {isa = PBXFileReference; lastKnownFileType = text.plist.xml; path = Info.plist; sourceTree = "<group>"; };
		4F703D8D201FD8E700AA876B /* HoopTVTests.xctest */ = {isa = PBXFileReference; explicitFileType = wrapper.cfbundle; includeInIndex = 0; path = HoopTVTests.xctest; sourceTree = BUILT_PRODUCTS_DIR; };
		4F703D91201FD8E700AA876B /* HoopTVTests.swift */ = {isa = PBXFileReference; lastKnownFileType = sourcecode.swift; path = HoopTVTests.swift; sourceTree = "<group>"; };
		4F703D93201FD8E700AA876B /* Info.plist */ = {isa = PBXFileReference; lastKnownFileType = text.plist.xml; path = Info.plist; sourceTree = "<group>"; };
		4F703D98201FD8E700AA876B /* HoopTVUITests.xctest */ = {isa = PBXFileReference; explicitFileType = wrapper.cfbundle; includeInIndex = 0; path = HoopTVUITests.xctest; sourceTree = BUILT_PRODUCTS_DIR; };
		4F703D9C201FD8E700AA876B /* HoopTVUITests.swift */ = {isa = PBXFileReference; lastKnownFileType = sourcecode.swift; path = HoopTVUITests.swift; sourceTree = "<group>"; };
		4F703D9E201FD8E700AA876B /* Info.plist */ = {isa = PBXFileReference; lastKnownFileType = text.plist.xml; path = Info.plist; sourceTree = "<group>"; };
		4FC3D9E02048BE1600DB4CC7 /* SortedArray.swift */ = {isa = PBXFileReference; fileEncoding = 4; lastKnownFileType = sourcecode.swift; path = SortedArray.swift; sourceTree = "<group>"; };
		4FD7C43720236A41001EDAF0 /* StartupValuesDataStore.swift */ = {isa = PBXFileReference; fileEncoding = 4; lastKnownFileType = sourcecode.swift; path = StartupValuesDataStore.swift; sourceTree = "<group>"; };
		4FD7C43820236A41001EDAF0 /* GamesDataStore.swift */ = {isa = PBXFileReference; fileEncoding = 4; lastKnownFileType = sourcecode.swift; path = GamesDataStore.swift; sourceTree = "<group>"; };
		4FD7C43920236A41001EDAF0 /* SportConfigurationManager.swift */ = {isa = PBXFileReference; fileEncoding = 4; lastKnownFileType = sourcecode.swift; path = SportConfigurationManager.swift; sourceTree = "<group>"; };
		4FD7C43A20236A41001EDAF0 /* DataStore.swift */ = {isa = PBXFileReference; fileEncoding = 4; lastKnownFileType = sourcecode.swift; path = DataStore.swift; sourceTree = "<group>"; };
		4FD7C43C20236A41001EDAF0 /* Game.swift */ = {isa = PBXFileReference; fileEncoding = 4; lastKnownFileType = sourcecode.swift; path = Game.swift; sourceTree = "<group>"; };
		4FD7C43D20236A41001EDAF0 /* Sport.swift */ = {isa = PBXFileReference; fileEncoding = 4; lastKnownFileType = sourcecode.swift; path = Sport.swift; sourceTree = "<group>"; };
		4FD7C43E20236A41001EDAF0 /* StartupValues.swift */ = {isa = PBXFileReference; fileEncoding = 4; lastKnownFileType = sourcecode.swift; path = StartupValues.swift; sourceTree = "<group>"; };
		4FD7C44120236A41001EDAF0 /* SportsViewController.xib */ = {isa = PBXFileReference; fileEncoding = 4; lastKnownFileType = file.xib; path = SportsViewController.xib; sourceTree = "<group>"; };
		4FD7C44220236A41001EDAF0 /* SportsViewController.swift */ = {isa = PBXFileReference; fileEncoding = 4; lastKnownFileType = sourcecode.swift; path = SportsViewController.swift; sourceTree = "<group>"; };
		4FD7C44320236A41001EDAF0 /* SportsTableViewCell.swift */ = {isa = PBXFileReference; fileEncoding = 4; lastKnownFileType = sourcecode.swift; path = SportsTableViewCell.swift; sourceTree = "<group>"; };
		4FD7C44420236A41001EDAF0 /* SportsTableViewCell.xib */ = {isa = PBXFileReference; fileEncoding = 4; lastKnownFileType = file.xib; path = SportsTableViewCell.xib; sourceTree = "<group>"; };
		4FD7C44620236A41001EDAF0 /* GamesViewController.swift */ = {isa = PBXFileReference; fileEncoding = 4; lastKnownFileType = sourcecode.swift; path = GamesViewController.swift; sourceTree = "<group>"; };
		4FD7C44720236A41001EDAF0 /* GamesViewController.xib */ = {isa = PBXFileReference; fileEncoding = 4; lastKnownFileType = file.xib; path = GamesViewController.xib; sourceTree = "<group>"; };
		4FD7C44820236A41001EDAF0 /* GameTableViewCell.swift */ = {isa = PBXFileReference; fileEncoding = 4; lastKnownFileType = sourcecode.swift; path = GameTableViewCell.swift; sourceTree = "<group>"; };
		4FD7C44920236A41001EDAF0 /* GamesHeaderView.swift */ = {isa = PBXFileReference; fileEncoding = 4; lastKnownFileType = sourcecode.swift; path = GamesHeaderView.swift; sourceTree = "<group>"; };
		4FD7C44A20236A41001EDAF0 /* GameTableViewCell.xib */ = {isa = PBXFileReference; fileEncoding = 4; lastKnownFileType = file.xib; path = GameTableViewCell.xib; sourceTree = "<group>"; };
		4FD7C44B20236A41001EDAF0 /* GamesTableViewDataSource.swift */ = {isa = PBXFileReference; fileEncoding = 4; lastKnownFileType = sourcecode.swift; path = GamesTableViewDataSource.swift; sourceTree = "<group>"; };
		4FD7C44C20236A41001EDAF0 /* GamesHeaderView.xib */ = {isa = PBXFileReference; fileEncoding = 4; lastKnownFileType = file.xib; path = GamesHeaderView.xib; sourceTree = "<group>"; };
		4FD7C44D20236A41001EDAF0 /* GameViewModel.swift */ = {isa = PBXFileReference; fileEncoding = 4; lastKnownFileType = sourcecode.swift; path = GameViewModel.swift; sourceTree = "<group>"; };
		6D3331EDCB340EBF531E6CFB /* Pods-HoopTV.release.xcconfig */ = {isa = PBXFileReference; includeInIndex = 1; lastKnownFileType = text.xcconfig; name = "Pods-HoopTV.release.xcconfig"; path = "Pods/Target Support Files/Pods-HoopTV/Pods-HoopTV.release.xcconfig"; sourceTree = "<group>"; };
		EE1E6AC08D2C5389E2804BF9 /* Pods-HoopTV.debug.xcconfig */ = {isa = PBXFileReference; includeInIndex = 1; lastKnownFileType = text.xcconfig; name = "Pods-HoopTV.debug.xcconfig"; path = "Pods/Target Support Files/Pods-HoopTV/Pods-HoopTV.debug.xcconfig"; sourceTree = "<group>"; };
/* End PBXFileReference section */

/* Begin PBXFrameworksBuildPhase section */
		4F703D76201FD8E700AA876B /* Frameworks */ = {
			isa = PBXFrameworksBuildPhase;
			buildActionMask = 2147483647;
			files = (
				8890555E3FBC9D6AE16C6849 /* Pods_HoopTV.framework in Frameworks */,
			);
			runOnlyForDeploymentPostprocessing = 0;
		};
		4F703D8A201FD8E700AA876B /* Frameworks */ = {
			isa = PBXFrameworksBuildPhase;
			buildActionMask = 2147483647;
			files = (
			);
			runOnlyForDeploymentPostprocessing = 0;
		};
		4F703D95201FD8E700AA876B /* Frameworks */ = {
			isa = PBXFrameworksBuildPhase;
			buildActionMask = 2147483647;
			files = (
			);
			runOnlyForDeploymentPostprocessing = 0;
		};
/* End PBXFrameworksBuildPhase section */

/* Begin PBXGroup section */
		30F61C1DD9EDEC79D90CCF51 /* Frameworks */ = {
			isa = PBXGroup;
			children = (
				476C2E9AADC3E769A0170AA1 /* Pods_HoopTV.framework */,
			);
			name = Frameworks;
			sourceTree = "<group>";
		};
		4F703D70201FD8E700AA876B = {
			isa = PBXGroup;
			children = (
				4FD7C43520236A41001EDAF0 /* Classes */,
				4F703D7B201FD8E700AA876B /* HoopTV */,
				4F703D90201FD8E700AA876B /* HoopTVTests */,
				4F703D9B201FD8E700AA876B /* HoopTVUITests */,
				4F703D7A201FD8E700AA876B /* Products */,
				65B5AFEBB6F7A01758F20EC8 /* Pods */,
				30F61C1DD9EDEC79D90CCF51 /* Frameworks */,
			);
			sourceTree = "<group>";
		};
		4F703D7A201FD8E700AA876B /* Products */ = {
			isa = PBXGroup;
			children = (
				4F703D79201FD8E700AA876B /* HoopTV.app */,
				4F703D8D201FD8E700AA876B /* HoopTVTests.xctest */,
				4F703D98201FD8E700AA876B /* HoopTVUITests.xctest */,
			);
			name = Products;
			sourceTree = "<group>";
		};
		4F703D7B201FD8E700AA876B /* HoopTV */ = {
			isa = PBXGroup;
			children = (
				4F703D7C201FD8E700AA876B /* AppDelegate.swift */,
				4F703D83201FD8E700AA876B /* Assets.xcassets */,
				4F703D88201FD8E700AA876B /* Info.plist */,
			);
			path = HoopTV;
			sourceTree = "<group>";
		};
		4F703D90201FD8E700AA876B /* HoopTVTests */ = {
			isa = PBXGroup;
			children = (
				4F703D91201FD8E700AA876B /* HoopTVTests.swift */,
				4F703D93201FD8E700AA876B /* Info.plist */,
			);
			path = HoopTVTests;
			sourceTree = "<group>";
		};
		4F703D9B201FD8E700AA876B /* HoopTVUITests */ = {
			isa = PBXGroup;
			children = (
				4F703D9C201FD8E700AA876B /* HoopTVUITests.swift */,
				4F703D9E201FD8E700AA876B /* Info.plist */,
			);
			path = HoopTVUITests;
			sourceTree = "<group>";
		};
		4FC3D9DF2048BE1600DB4CC7 /* Utilities */ = {
			isa = PBXGroup;
			children = (
				4FC3D9E02048BE1600DB4CC7 /* SortedArray.swift */,
			);
			path = Utilities;
			sourceTree = "<group>";
		};
		4FD7C43520236A41001EDAF0 /* Classes */ = {
			isa = PBXGroup;
			children = (
				4FD7C43620236A41001EDAF0 /* DataStores */,
				4FD7C43B20236A41001EDAF0 /* Models */,
				4FD7C43F20236A41001EDAF0 /* ViewControllers */,
				4FC3D9DF2048BE1600DB4CC7 /* Utilities */,
			);
			path = Classes;
			sourceTree = "<group>";
		};
		4FD7C43620236A41001EDAF0 /* DataStores */ = {
			isa = PBXGroup;
			children = (
				4FD7C43720236A41001EDAF0 /* StartupValuesDataStore.swift */,
				4FD7C43820236A41001EDAF0 /* GamesDataStore.swift */,
				4FD7C43920236A41001EDAF0 /* SportConfigurationManager.swift */,
				4FD7C43A20236A41001EDAF0 /* DataStore.swift */,
			);
			path = DataStores;
			sourceTree = "<group>";
		};
		4FD7C43B20236A41001EDAF0 /* Models */ = {
			isa = PBXGroup;
			children = (
				4FD7C43C20236A41001EDAF0 /* Game.swift */,
				4FD7C43D20236A41001EDAF0 /* Sport.swift */,
				4FD7C43E20236A41001EDAF0 /* StartupValues.swift */,
			);
			path = Models;
			sourceTree = "<group>";
		};
		4FD7C43F20236A41001EDAF0 /* ViewControllers */ = {
			isa = PBXGroup;
			children = (
				4FD7C44020236A41001EDAF0 /* Sports */,
				4FD7C44520236A41001EDAF0 /* Games */,
			);
			path = ViewControllers;
			sourceTree = "<group>";
		};
		4FD7C44020236A41001EDAF0 /* Sports */ = {
			isa = PBXGroup;
			children = (
				4FD7C44120236A41001EDAF0 /* SportsViewController.xib */,
				4FD7C44220236A41001EDAF0 /* SportsViewController.swift */,
				4FD7C44320236A41001EDAF0 /* SportsTableViewCell.swift */,
				4FD7C44420236A41001EDAF0 /* SportsTableViewCell.xib */,
			);
			path = Sports;
			sourceTree = "<group>";
		};
		4FD7C44520236A41001EDAF0 /* Games */ = {
			isa = PBXGroup;
			children = (
				4FD7C44620236A41001EDAF0 /* GamesViewController.swift */,
				4FD7C44720236A41001EDAF0 /* GamesViewController.xib */,
				4FD7C44820236A41001EDAF0 /* GameTableViewCell.swift */,
				4FD7C44A20236A41001EDAF0 /* GameTableViewCell.xib */,
				4FD7C44920236A41001EDAF0 /* GamesHeaderView.swift */,
				4FD7C44B20236A41001EDAF0 /* GamesTableViewDataSource.swift */,
				4FD7C44C20236A41001EDAF0 /* GamesHeaderView.xib */,
				4FD7C44D20236A41001EDAF0 /* GameViewModel.swift */,
			);
			path = Games;
			sourceTree = "<group>";
		};
		65B5AFEBB6F7A01758F20EC8 /* Pods */ = {
			isa = PBXGroup;
			children = (
				EE1E6AC08D2C5389E2804BF9 /* Pods-HoopTV.debug.xcconfig */,
				6D3331EDCB340EBF531E6CFB /* Pods-HoopTV.release.xcconfig */,
			);
			name = Pods;
			sourceTree = "<group>";
		};
/* End PBXGroup section */

/* Begin PBXNativeTarget section */
		4F703D78201FD8E700AA876B /* HoopTV */ = {
			isa = PBXNativeTarget;
			buildConfigurationList = 4F703DA1201FD8E700AA876B /* Build configuration list for PBXNativeTarget "HoopTV" */;
			buildPhases = (
				9CCA7C00CB3CDF890A29F4D2 /* [CP] Check Pods Manifest.lock */,
				4F703D75201FD8E700AA876B /* Sources */,
				4F703D76201FD8E700AA876B /* Frameworks */,
				4F703D77201FD8E700AA876B /* Resources */,
				B5E80036CCEC8BF05BABFA77 /* [CP] Embed Pods Frameworks */,
				FA222F27DEA420EF8774909E /* [CP] Copy Pods Resources */,
			);
			buildRules = (
			);
			dependencies = (
			);
			name = HoopTV;
			productName = HoopTV;
			productReference = 4F703D79201FD8E700AA876B /* HoopTV.app */;
			productType = "com.apple.product-type.application";
		};
		4F703D8C201FD8E700AA876B /* HoopTVTests */ = {
			isa = PBXNativeTarget;
			buildConfigurationList = 4F703DA4201FD8E700AA876B /* Build configuration list for PBXNativeTarget "HoopTVTests" */;
			buildPhases = (
				4F703D89201FD8E700AA876B /* Sources */,
				4F703D8A201FD8E700AA876B /* Frameworks */,
				4F703D8B201FD8E700AA876B /* Resources */,
			);
			buildRules = (
			);
			dependencies = (
				4F703D8F201FD8E700AA876B /* PBXTargetDependency */,
			);
			name = HoopTVTests;
			productName = HoopTVTests;
			productReference = 4F703D8D201FD8E700AA876B /* HoopTVTests.xctest */;
			productType = "com.apple.product-type.bundle.unit-test";
		};
		4F703D97201FD8E700AA876B /* HoopTVUITests */ = {
			isa = PBXNativeTarget;
			buildConfigurationList = 4F703DA7201FD8E700AA876B /* Build configuration list for PBXNativeTarget "HoopTVUITests" */;
			buildPhases = (
				4F703D94201FD8E700AA876B /* Sources */,
				4F703D95201FD8E700AA876B /* Frameworks */,
				4F703D96201FD8E700AA876B /* Resources */,
			);
			buildRules = (
			);
			dependencies = (
				4F703D9A201FD8E700AA876B /* PBXTargetDependency */,
			);
			name = HoopTVUITests;
			productName = HoopTVUITests;
			productReference = 4F703D98201FD8E700AA876B /* HoopTVUITests.xctest */;
			productType = "com.apple.product-type.bundle.ui-testing";
		};
/* End PBXNativeTarget section */

/* Begin PBXProject section */
		4F703D71201FD8E700AA876B /* Project object */ = {
			isa = PBXProject;
			attributes = {
				LastSwiftUpdateCheck = 0920;
				LastUpgradeCheck = 0920;
				ORGANIZATIONNAME = "Marquez Gallegos";
				TargetAttributes = {
					4F703D78201FD8E700AA876B = {
						CreatedOnToolsVersion = 9.2;
						ProvisioningStyle = Automatic;
					};
					4F703D8C201FD8E700AA876B = {
						CreatedOnToolsVersion = 9.2;
						ProvisioningStyle = Automatic;
						TestTargetID = 4F703D78201FD8E700AA876B;
					};
					4F703D97201FD8E700AA876B = {
						CreatedOnToolsVersion = 9.2;
						ProvisioningStyle = Automatic;
						TestTargetID = 4F703D78201FD8E700AA876B;
					};
				};
			};
			buildConfigurationList = 4F703D74201FD8E700AA876B /* Build configuration list for PBXProject "HoopTV" */;
			compatibilityVersion = "Xcode 8.0";
			developmentRegion = en;
			hasScannedForEncodings = 0;
			knownRegions = (
				en,
				Base,
			);
			mainGroup = 4F703D70201FD8E700AA876B;
			productRefGroup = 4F703D7A201FD8E700AA876B /* Products */;
			projectDirPath = "";
			projectRoot = "";
			targets = (
				4F703D78201FD8E700AA876B /* HoopTV */,
				4F703D8C201FD8E700AA876B /* HoopTVTests */,
				4F703D97201FD8E700AA876B /* HoopTVUITests */,
			);
		};
/* End PBXProject section */

/* Begin PBXResourcesBuildPhase section */
		4F703D77201FD8E700AA876B /* Resources */ = {
			isa = PBXResourcesBuildPhase;
			buildActionMask = 2147483647;
			files = (
				4FD7C45A20236A42001EDAF0 /* GamesViewController.xib in Resources */,
				4FD7C45F20236A42001EDAF0 /* GamesHeaderView.xib in Resources */,
				4FD7C45D20236A42001EDAF0 /* GameTableViewCell.xib in Resources */,
				4F703D84201FD8E700AA876B /* Assets.xcassets in Resources */,
				4FD7C45820236A42001EDAF0 /* SportsTableViewCell.xib in Resources */,
				4FD7C45520236A42001EDAF0 /* SportsViewController.xib in Resources */,
			);
			runOnlyForDeploymentPostprocessing = 0;
		};
		4F703D8B201FD8E700AA876B /* Resources */ = {
			isa = PBXResourcesBuildPhase;
			buildActionMask = 2147483647;
			files = (
			);
			runOnlyForDeploymentPostprocessing = 0;
		};
		4F703D96201FD8E700AA876B /* Resources */ = {
			isa = PBXResourcesBuildPhase;
			buildActionMask = 2147483647;
			files = (
			);
			runOnlyForDeploymentPostprocessing = 0;
		};
/* End PBXResourcesBuildPhase section */

/* Begin PBXShellScriptBuildPhase section */
		9CCA7C00CB3CDF890A29F4D2 /* [CP] Check Pods Manifest.lock */ = {
			isa = PBXShellScriptBuildPhase;
			buildActionMask = 2147483647;
			files = (
			);
			inputPaths = (
				"${PODS_PODFILE_DIR_PATH}/Podfile.lock",
				"${PODS_ROOT}/Manifest.lock",
			);
			name = "[CP] Check Pods Manifest.lock";
			outputPaths = (
				"$(DERIVED_FILE_DIR)/Pods-HoopTV-checkManifestLockResult.txt",
			);
			runOnlyForDeploymentPostprocessing = 0;
			shellPath = /bin/sh;
			shellScript = "diff \"${PODS_PODFILE_DIR_PATH}/Podfile.lock\" \"${PODS_ROOT}/Manifest.lock\" > /dev/null\nif [ $? != 0 ] ; then\n    # print error to STDERR\n    echo \"error: The sandbox is not in sync with the Podfile.lock. Run 'pod install' or update your CocoaPods installation.\" >&2\n    exit 1\nfi\n# This output is used by Xcode 'outputs' to avoid re-running this script phase.\necho \"SUCCESS\" > \"${SCRIPT_OUTPUT_FILE_0}\"\n";
			showEnvVarsInLog = 0;
		};
		B5E80036CCEC8BF05BABFA77 /* [CP] Embed Pods Frameworks */ = {
			isa = PBXShellScriptBuildPhase;
			buildActionMask = 2147483647;
			files = (
			);
			inputPaths = (
				"${SRCROOT}/Pods/Target Support Files/Pods-HoopTV/Pods-HoopTV-frameworks.sh",
				"${BUILT_PRODUCTS_DIR}/NVActivityIndicatorView/NVActivityIndicatorView.framework",
				"${BUILT_PRODUCTS_DIR}/SDWebImage/SDWebImage.framework",
			);
			name = "[CP] Embed Pods Frameworks";
			outputPaths = (
				"${TARGET_BUILD_DIR}/${FRAMEWORKS_FOLDER_PATH}/NVActivityIndicatorView.framework",
				"${TARGET_BUILD_DIR}/${FRAMEWORKS_FOLDER_PATH}/SDWebImage.framework",
			);
			runOnlyForDeploymentPostprocessing = 0;
			shellPath = /bin/sh;
			shellScript = "\"${SRCROOT}/Pods/Target Support Files/Pods-HoopTV/Pods-HoopTV-frameworks.sh\"\n";
			showEnvVarsInLog = 0;
		};
		FA222F27DEA420EF8774909E /* [CP] Copy Pods Resources */ = {
			isa = PBXShellScriptBuildPhase;
			buildActionMask = 2147483647;
			files = (
			);
			inputPaths = (
			);
			name = "[CP] Copy Pods Resources";
			outputPaths = (
			);
			runOnlyForDeploymentPostprocessing = 0;
			shellPath = /bin/sh;
			shellScript = "\"${SRCROOT}/Pods/Target Support Files/Pods-HoopTV/Pods-HoopTV-resources.sh\"\n";
			showEnvVarsInLog = 0;
		};
/* End PBXShellScriptBuildPhase section */

/* Begin PBXSourcesBuildPhase section */
		4F703D75201FD8E700AA876B /* Sources */ = {
			isa = PBXSourcesBuildPhase;
			buildActionMask = 2147483647;
			files = (
				4FD7C45320236A42001EDAF0 /* Sport.swift in Sources */,
				4FD7C45420236A42001EDAF0 /* StartupValues.swift in Sources */,
				4F703D7D201FD8E700AA876B /* AppDelegate.swift in Sources */,
				4FD7C46020236A42001EDAF0 /* GameViewModel.swift in Sources */,
				4FD7C45220236A42001EDAF0 /* Game.swift in Sources */,
				4FD7C45720236A42001EDAF0 /* SportsTableViewCell.swift in Sources */,
				4FD7C45020236A42001EDAF0 /* SportConfigurationManager.swift in Sources */,
				4FD7C44F20236A42001EDAF0 /* GamesDataStore.swift in Sources */,
				4FD7C45920236A42001EDAF0 /* GamesViewController.swift in Sources */,
				4FD7C45620236A42001EDAF0 /* SportsViewController.swift in Sources */,
				4FD7C45C20236A42001EDAF0 /* GamesHeaderView.swift in Sources */,
				4FD7C45120236A42001EDAF0 /* DataStore.swift in Sources */,
				4FC3D9E12048BE1600DB4CC7 /* SortedArray.swift in Sources */,
				4FD7C44E20236A42001EDAF0 /* StartupValuesDataStore.swift in Sources */,
				4FD7C45E20236A42001EDAF0 /* GamesTableViewDataSource.swift in Sources */,
				4FD7C45B20236A42001EDAF0 /* GameTableViewCell.swift in Sources */,
			);
			runOnlyForDeploymentPostprocessing = 0;
		};
		4F703D89201FD8E700AA876B /* Sources */ = {
			isa = PBXSourcesBuildPhase;
			buildActionMask = 2147483647;
			files = (
				4F703D92201FD8E700AA876B /* HoopTVTests.swift in Sources */,
			);
			runOnlyForDeploymentPostprocessing = 0;
		};
		4F703D94201FD8E700AA876B /* Sources */ = {
			isa = PBXSourcesBuildPhase;
			buildActionMask = 2147483647;
			files = (
				4F703D9D201FD8E700AA876B /* HoopTVUITests.swift in Sources */,
			);
			runOnlyForDeploymentPostprocessing = 0;
		};
/* End PBXSourcesBuildPhase section */

/* Begin PBXTargetDependency section */
		4F703D8F201FD8E700AA876B /* PBXTargetDependency */ = {
			isa = PBXTargetDependency;
			target = 4F703D78201FD8E700AA876B /* HoopTV */;
			targetProxy = 4F703D8E201FD8E700AA876B /* PBXContainerItemProxy */;
		};
		4F703D9A201FD8E700AA876B /* PBXTargetDependency */ = {
			isa = PBXTargetDependency;
			target = 4F703D78201FD8E700AA876B /* HoopTV */;
			targetProxy = 4F703D99201FD8E700AA876B /* PBXContainerItemProxy */;
		};
/* End PBXTargetDependency section */

/* Begin XCBuildConfiguration section */
		4F703D9F201FD8E700AA876B /* Debug */ = {
			isa = XCBuildConfiguration;
			buildSettings = {
				ALWAYS_SEARCH_USER_PATHS = NO;
				CLANG_ANALYZER_NONNULL = YES;
				CLANG_ANALYZER_NUMBER_OBJECT_CONVERSION = YES_AGGRESSIVE;
				CLANG_CXX_LANGUAGE_STANDARD = "gnu++14";
				CLANG_CXX_LIBRARY = "libc++";
				CLANG_ENABLE_MODULES = YES;
				CLANG_ENABLE_OBJC_ARC = YES;
				CLANG_WARN_BLOCK_CAPTURE_AUTORELEASING = YES;
				CLANG_WARN_BOOL_CONVERSION = YES;
				CLANG_WARN_COMMA = YES;
				CLANG_WARN_CONSTANT_CONVERSION = YES;
				CLANG_WARN_DIRECT_OBJC_ISA_USAGE = YES_ERROR;
				CLANG_WARN_DOCUMENTATION_COMMENTS = YES;
				CLANG_WARN_EMPTY_BODY = YES;
				CLANG_WARN_ENUM_CONVERSION = YES;
				CLANG_WARN_INFINITE_RECURSION = YES;
				CLANG_WARN_INT_CONVERSION = YES;
				CLANG_WARN_NON_LITERAL_NULL_CONVERSION = YES;
				CLANG_WARN_OBJC_LITERAL_CONVERSION = YES;
				CLANG_WARN_OBJC_ROOT_CLASS = YES_ERROR;
				CLANG_WARN_RANGE_LOOP_ANALYSIS = YES;
				CLANG_WARN_STRICT_PROTOTYPES = YES;
				CLANG_WARN_SUSPICIOUS_MOVE = YES;
				CLANG_WARN_UNGUARDED_AVAILABILITY = YES_AGGRESSIVE;
				CLANG_WARN_UNREACHABLE_CODE = YES;
				CLANG_WARN__DUPLICATE_METHOD_MATCH = YES;
				CODE_SIGN_IDENTITY = "iPhone Developer";
				COPY_PHASE_STRIP = NO;
				DEBUG_INFORMATION_FORMAT = dwarf;
				ENABLE_STRICT_OBJC_MSGSEND = YES;
				ENABLE_TESTABILITY = YES;
				GCC_C_LANGUAGE_STANDARD = gnu11;
				GCC_DYNAMIC_NO_PIC = NO;
				GCC_NO_COMMON_BLOCKS = YES;
				GCC_OPTIMIZATION_LEVEL = 0;
				GCC_PREPROCESSOR_DEFINITIONS = (
					"DEBUG=1",
					"$(inherited)",
				);
				GCC_WARN_64_TO_32_BIT_CONVERSION = YES;
				GCC_WARN_ABOUT_RETURN_TYPE = YES_ERROR;
				GCC_WARN_UNDECLARED_SELECTOR = YES;
				GCC_WARN_UNINITIALIZED_AUTOS = YES_AGGRESSIVE;
				GCC_WARN_UNUSED_FUNCTION = YES;
				GCC_WARN_UNUSED_VARIABLE = YES;
				IPHONEOS_DEPLOYMENT_TARGET = 11.2;
				MTL_ENABLE_DEBUG_INFO = YES;
				ONLY_ACTIVE_ARCH = YES;
				SDKROOT = iphoneos;
				SWIFT_ACTIVE_COMPILATION_CONDITIONS = DEBUG;
				SWIFT_OPTIMIZATION_LEVEL = "-Onone";
			};
			name = Debug;
		};
		4F703DA0201FD8E700AA876B /* Release */ = {
			isa = XCBuildConfiguration;
			buildSettings = {
				ALWAYS_SEARCH_USER_PATHS = NO;
				CLANG_ANALYZER_NONNULL = YES;
				CLANG_ANALYZER_NUMBER_OBJECT_CONVERSION = YES_AGGRESSIVE;
				CLANG_CXX_LANGUAGE_STANDARD = "gnu++14";
				CLANG_CXX_LIBRARY = "libc++";
				CLANG_ENABLE_MODULES = YES;
				CLANG_ENABLE_OBJC_ARC = YES;
				CLANG_WARN_BLOCK_CAPTURE_AUTORELEASING = YES;
				CLANG_WARN_BOOL_CONVERSION = YES;
				CLANG_WARN_COMMA = YES;
				CLANG_WARN_CONSTANT_CONVERSION = YES;
				CLANG_WARN_DIRECT_OBJC_ISA_USAGE = YES_ERROR;
				CLANG_WARN_DOCUMENTATION_COMMENTS = YES;
				CLANG_WARN_EMPTY_BODY = YES;
				CLANG_WARN_ENUM_CONVERSION = YES;
				CLANG_WARN_INFINITE_RECURSION = YES;
				CLANG_WARN_INT_CONVERSION = YES;
				CLANG_WARN_NON_LITERAL_NULL_CONVERSION = YES;
				CLANG_WARN_OBJC_LITERAL_CONVERSION = YES;
				CLANG_WARN_OBJC_ROOT_CLASS = YES_ERROR;
				CLANG_WARN_RANGE_LOOP_ANALYSIS = YES;
				CLANG_WARN_STRICT_PROTOTYPES = YES;
				CLANG_WARN_SUSPICIOUS_MOVE = YES;
				CLANG_WARN_UNGUARDED_AVAILABILITY = YES_AGGRESSIVE;
				CLANG_WARN_UNREACHABLE_CODE = YES;
				CLANG_WARN__DUPLICATE_METHOD_MATCH = YES;
				CODE_SIGN_IDENTITY = "iPhone Developer";
				COPY_PHASE_STRIP = NO;
				DEBUG_INFORMATION_FORMAT = "dwarf-with-dsym";
				ENABLE_NS_ASSERTIONS = NO;
				ENABLE_STRICT_OBJC_MSGSEND = YES;
				GCC_C_LANGUAGE_STANDARD = gnu11;
				GCC_NO_COMMON_BLOCKS = YES;
				GCC_WARN_64_TO_32_BIT_CONVERSION = YES;
				GCC_WARN_ABOUT_RETURN_TYPE = YES_ERROR;
				GCC_WARN_UNDECLARED_SELECTOR = YES;
				GCC_WARN_UNINITIALIZED_AUTOS = YES_AGGRESSIVE;
				GCC_WARN_UNUSED_FUNCTION = YES;
				GCC_WARN_UNUSED_VARIABLE = YES;
				IPHONEOS_DEPLOYMENT_TARGET = 11.2;
				MTL_ENABLE_DEBUG_INFO = NO;
				SDKROOT = iphoneos;
				SWIFT_OPTIMIZATION_LEVEL = "-Owholemodule";
				VALIDATE_PRODUCT = YES;
			};
			name = Release;
		};
		4F703DA2201FD8E700AA876B /* Debug */ = {
			isa = XCBuildConfiguration;
			baseConfigurationReference = EE1E6AC08D2C5389E2804BF9 /* Pods-HoopTV.debug.xcconfig */;
			buildSettings = {
				ASSETCATALOG_COMPILER_APPICON_NAME = AppIcon;
				CODE_SIGN_STYLE = Automatic;
				DEVELOPMENT_TEAM = EG3CQP3ZF9;
				INFOPLIST_FILE = HoopTV/Info.plist;
				LD_RUNPATH_SEARCH_PATHS = "$(inherited) @executable_path/Frameworks";
				PRODUCT_BUNDLE_IDENTIFIER = com.marquezgalegos.HoopTV;
				PRODUCT_NAME = "$(TARGET_NAME)";
				SWIFT_VERSION = 4.0;
				TARGETED_DEVICE_FAMILY = "1,2";
			};
			name = Debug;
		};
		4F703DA3201FD8E700AA876B /* Release */ = {
			isa = XCBuildConfiguration;
			baseConfigurationReference = 6D3331EDCB340EBF531E6CFB /* Pods-HoopTV.release.xcconfig */;
			buildSettings = {
				ASSETCATALOG_COMPILER_APPICON_NAME = AppIcon;
				CODE_SIGN_STYLE = Automatic;
				DEVELOPMENT_TEAM = EG3CQP3ZF9;
				INFOPLIST_FILE = HoopTV/Info.plist;
				LD_RUNPATH_SEARCH_PATHS = "$(inherited) @executable_path/Frameworks";
				PRODUCT_BUNDLE_IDENTIFIER = com.marquezgalegos.HoopTV;
				PRODUCT_NAME = "$(TARGET_NAME)";
				SWIFT_VERSION = 4.0;
				TARGETED_DEVICE_FAMILY = "1,2";
			};
			name = Release;
		};
		4F703DA5201FD8E700AA876B /* Debug */ = {
			isa = XCBuildConfiguration;
			buildSettings = {
				ALWAYS_EMBED_SWIFT_STANDARD_LIBRARIES = YES;
				BUNDLE_LOADER = "$(TEST_HOST)";
				CODE_SIGN_STYLE = Automatic;
				DEVELOPMENT_TEAM = EG3CQP3ZF9;
				INFOPLIST_FILE = HoopTVTests/Info.plist;
				LD_RUNPATH_SEARCH_PATHS = "$(inherited) @executable_path/Frameworks @loader_path/Frameworks";
				PRODUCT_BUNDLE_IDENTIFIER = com.marquezgalegos.HoopTVTests;
				PRODUCT_NAME = "$(TARGET_NAME)";
				SWIFT_VERSION = 4.0;
				TARGETED_DEVICE_FAMILY = "1,2";
				TEST_HOST = "$(BUILT_PRODUCTS_DIR)/HoopTV.app/HoopTV";
			};
			name = Debug;
		};
		4F703DA6201FD8E700AA876B /* Release */ = {
			isa = XCBuildConfiguration;
			buildSettings = {
				ALWAYS_EMBED_SWIFT_STANDARD_LIBRARIES = YES;
				BUNDLE_LOADER = "$(TEST_HOST)";
				CODE_SIGN_STYLE = Automatic;
				DEVELOPMENT_TEAM = EG3CQP3ZF9;
				INFOPLIST_FILE = HoopTVTests/Info.plist;
				LD_RUNPATH_SEARCH_PATHS = "$(inherited) @executable_path/Frameworks @loader_path/Frameworks";
				PRODUCT_BUNDLE_IDENTIFIER = com.marquezgalegos.HoopTVTests;
				PRODUCT_NAME = "$(TARGET_NAME)";
				SWIFT_VERSION = 4.0;
				TARGETED_DEVICE_FAMILY = "1,2";
				TEST_HOST = "$(BUILT_PRODUCTS_DIR)/HoopTV.app/HoopTV";
			};
			name = Release;
		};
		4F703DA8201FD8E700AA876B /* Debug */ = {
			isa = XCBuildConfiguration;
			buildSettings = {
				ALWAYS_EMBED_SWIFT_STANDARD_LIBRARIES = YES;
				CODE_SIGN_STYLE = Automatic;
				DEVELOPMENT_TEAM = EG3CQP3ZF9;
				INFOPLIST_FILE = HoopTVUITests/Info.plist;
				LD_RUNPATH_SEARCH_PATHS = "$(inherited) @executable_path/Frameworks @loader_path/Frameworks";
				PRODUCT_BUNDLE_IDENTIFIER = com.marquezgalegos.HoopTVUITests;
				PRODUCT_NAME = "$(TARGET_NAME)";
				SWIFT_VERSION = 4.0;
				TARGETED_DEVICE_FAMILY = "1,2";
				TEST_TARGET_NAME = HoopTV;
			};
			name = Debug;
		};
		4F703DA9201FD8E700AA876B /* Release */ = {
			isa = XCBuildConfiguration;
			buildSettings = {
				ALWAYS_EMBED_SWIFT_STANDARD_LIBRARIES = YES;
				CODE_SIGN_STYLE = Automatic;
				DEVELOPMENT_TEAM = EG3CQP3ZF9;
				INFOPLIST_FILE = HoopTVUITests/Info.plist;
				LD_RUNPATH_SEARCH_PATHS = "$(inherited) @executable_path/Frameworks @loader_path/Frameworks";
				PRODUCT_BUNDLE_IDENTIFIER = com.marquezgalegos.HoopTVUITests;
				PRODUCT_NAME = "$(TARGET_NAME)";
				SWIFT_VERSION = 4.0;
				TARGETED_DEVICE_FAMILY = "1,2";
				TEST_TARGET_NAME = HoopTV;
			};
			name = Release;
		};
/* End XCBuildConfiguration section */

/* Begin XCConfigurationList section */
		4F703D74201FD8E700AA876B /* Build configuration list for PBXProject "HoopTV" */ = {
			isa = XCConfigurationList;
			buildConfigurations = (
				4F703D9F201FD8E700AA876B /* Debug */,
				4F703DA0201FD8E700AA876B /* Release */,
			);
			defaultConfigurationIsVisible = 0;
			defaultConfigurationName = Release;
		};
		4F703DA1201FD8E700AA876B /* Build configuration list for PBXNativeTarget "HoopTV" */ = {
			isa = XCConfigurationList;
			buildConfigurations = (
				4F703DA2201FD8E700AA876B /* Debug */,
				4F703DA3201FD8E700AA876B /* Release */,
			);
			defaultConfigurationIsVisible = 0;
			defaultConfigurationName = Release;
		};
		4F703DA4201FD8E700AA876B /* Build configuration list for PBXNativeTarget "HoopTVTests" */ = {
			isa = XCConfigurationList;
			buildConfigurations = (
				4F703DA5201FD8E700AA876B /* Debug */,
				4F703DA6201FD8E700AA876B /* Release */,
			);
			defaultConfigurationIsVisible = 0;
			defaultConfigurationName = Release;
		};
		4F703DA7201FD8E700AA876B /* Build configuration list for PBXNativeTarget "HoopTVUITests" */ = {
			isa = XCConfigurationList;
			buildConfigurations = (
				4F703DA8201FD8E700AA876B /* Debug */,
				4F703DA9201FD8E700AA876B /* Release */,
			);
			defaultConfigurationIsVisible = 0;
			defaultConfigurationName = Release;
		};
/* End XCConfigurationList section */
	};
	rootObject = 4F703D71201FD8E700AA876B /* Project object */;
}
